{
  "pins" : [
    {
      "identity" : "swiftui-introspect",
      "kind" : "remoteSourceControl",
      "location" : "https://github.com/siteline/swiftui-introspect",
      "state" : {
        "revision" : "668a65735751432b640260c56dfa621cec568368",
        "version" : "1.2.0"
      }
    }
  ],
  "version" : 2
}
