{
  "pins" : [
    {
      "identity" : "swiftui-introspect",
      "kind" : "remoteSourceControl",
      "location" : "https://github.com/siteline/swiftui-introspect",
      "state" : {
        "revision" : "712db7f70540eb0d09d72a7a34c6fa6092c9a142",
        "version" : "26.0.0-rc.1"
      }
    }
  ],
  "version" : 2
}
