// !$*UTF8*$!
{
	archiveVersion = 1;
	classes = {
	};
	objectVersion = 51;
	objects = {

/* Begin PBXBuildFile section */
		130B57A828362D97001C13AA /* Images.swift in Sources */ = {isa = PBXBuildFile; fileRef = 130B57A728362D97001C13AA /* Images.swift */; };
		130B57A928362D97001C13AA /* Images.swift in Sources */ = {isa = PBXBuildFile; fileRef = 130B57A728362D97001C13AA /* Images.swift */; };
		130B57AC28362E40001C13AA /* PopupsList.swift in Sources */ = {isa = PBXBuildFile; fileRef = 130B57AB28362E40001C13AA /* PopupsList.swift */; };
		130B57AD28362E40001C13AA /* PopupsList.swift in Sources */ = {isa = PBXBuildFile; fileRef = 130B57AB28362E40001C13AA /* PopupsList.swift */; };
		130B57B028363106001C13AA /* PopupButton.swift in Sources */ = {isa = PBXBuildFile; fileRef = 130B57AF28363106001C13AA /* PopupButton.swift */; };
		130B57B128363106001C13AA /* PopupButton.swift in Sources */ = {isa = PBXBuildFile; fileRef = 130B57AF28363106001C13AA /* PopupButton.swift */; };
		130B57BD283647E9001C13AA /* Floats.swift in Sources */ = {isa = PBXBuildFile; fileRef = 130B57BC283647E7001C13AA /* Floats.swift */; };
		130B57C728365002001C13AA /* Floats.swift in Sources */ = {isa = PBXBuildFile; fileRef = 130B57BC283647E7001C13AA /* Floats.swift */; };
		1337B1F6283660230095C9FB /* Toasts.swift in Sources */ = {isa = PBXBuildFile; fileRef = 1337B1F5283660230095C9FB /* Toasts.swift */; };
		1337B1F7283660230095C9FB /* Toasts.swift in Sources */ = {isa = PBXBuildFile; fileRef = 1337B1F5283660230095C9FB /* Toasts.swift */; };
		13FAA5C7283747F100D298A5 /* Popups.swift in Sources */ = {isa = PBXBuildFile; fileRef = 13FAA5C6283747F100D298A5 /* Popups.swift */; };
		13FAA5C8283747F100D298A5 /* Popups.swift in Sources */ = {isa = PBXBuildFile; fileRef = 13FAA5C6283747F100D298A5 /* Popups.swift */; };
		13FAA5CB28375C6500D298A5 /* ActionSheets.swift in Sources */ = {isa = PBXBuildFile; fileRef = 13FAA5CA28375C6500D298A5 /* ActionSheets.swift */; };
		13FAA5CC28375C6500D298A5 /* ActionSheets.swift in Sources */ = {isa = PBXBuildFile; fileRef = 13FAA5CA28375C6500D298A5 /* ActionSheets.swift */; };
		45D71F5C3B56A674E19CD6A4 /* Pods_ExampleWatch_WatchKit_Extension.framework in Frameworks */ = {isa = PBXBuildFile; fileRef = 047607F7063CA95EC046101F /* Pods_ExampleWatch_WatchKit_Extension.framework */; };
		5B10178A25346F7A00105E9A /* ContentView.swift in Sources */ = {isa = PBXBuildFile; fileRef = 5B10178925346F7A00105E9A /* ContentView.swift */; };
		5B23AA1A24EA559C0085D48E /* ExampleMacApp.swift in Sources */ = {isa = PBXBuildFile; fileRef = 5B23AA1924EA559C0085D48E /* ExampleMacApp.swift */; };
		5B23AA2124EA559D0085D48E /* Preview Assets.xcassets in Resources */ = {isa = PBXBuildFile; fileRef = 5B23AA2024EA559D0085D48E /* Preview Assets.xcassets */; };
		5B23AA2D24EA55F70085D48E /* ExampleWatch WatchKit App.app in Embed Watch Content */ = {isa = PBXBuildFile; fileRef = 5B23AA2C24EA55F70085D48E /* ExampleWatch WatchKit App.app */; settings = {ATTRIBUTES = (RemoveHeadersOnCopy, ); }; };
		5B23AA3924EA55F90085D48E /* ExampleWatch WatchKit Extension.appex in Embed App Extensions */ = {isa = PBXBuildFile; fileRef = 5B23AA3824EA55F90085D48E /* ExampleWatch WatchKit Extension.appex */; settings = {ATTRIBUTES = (RemoveHeadersOnCopy, ); }; };
		5B23AA3E24EA55F90085D48E /* ExampleApp.swift in Sources */ = {isa = PBXBuildFile; fileRef = 5B23AA3D24EA55F90085D48E /* ExampleApp.swift */; };
		5B23AA4224EA55F90085D48E /* NotificationController.swift in Sources */ = {isa = PBXBuildFile; fileRef = 5B23AA4124EA55F90085D48E /* NotificationController.swift */; };
		5B23AA4424EA55F90085D48E /* NotificationView.swift in Sources */ = {isa = PBXBuildFile; fileRef = 5B23AA4324EA55F90085D48E /* NotificationView.swift */; };
		5B23AA4924EA55FA0085D48E /* Preview Assets.xcassets in Resources */ = {isa = PBXBuildFile; fileRef = 5B23AA4824EA55FA0085D48E /* Preview Assets.xcassets */; };
		5B28350A252DDBEC00353EED /* Launch Screen.storyboard in Resources */ = {isa = PBXBuildFile; fileRef = 5B283509252DDBEC00353EED /* Launch Screen.storyboard */; };
		5B5B04FC25345BB900739AD7 /* Assets.xcassets in Resources */ = {isa = PBXBuildFile; fileRef = 5B5B04FA25345BB900739AD7 /* Assets.xcassets */; };
		5B5B04FD25345BB900739AD7 /* Assets.xcassets in Resources */ = {isa = PBXBuildFile; fileRef = 5B5B04FA25345BB900739AD7 /* Assets.xcassets */; };
		5B5B04FF25345BB900739AD7 /* Assets.xcassets in Resources */ = {isa = PBXBuildFile; fileRef = 5B5B04FA25345BB900739AD7 /* Assets.xcassets */; };
		5B5B050025345BB900739AD7 /* Assets.xcassets in Resources */ = {isa = PBXBuildFile; fileRef = 5B5B04FA25345BB900739AD7 /* Assets.xcassets */; };
		5B5B050125345BB900739AD7 /* Assets.xcassets in Resources */ = {isa = PBXBuildFile; fileRef = 5B5B04FA25345BB900739AD7 /* Assets.xcassets */; };
		5B5B050225345BB900739AD7 /* ContentView.swift in Sources */ = {isa = PBXBuildFile; fileRef = 5B5B04FB25345BB900739AD7 /* ContentView.swift */; };
		5B5B050325345BB900739AD7 /* ContentView.swift in Sources */ = {isa = PBXBuildFile; fileRef = 5B5B04FB25345BB900739AD7 /* ContentView.swift */; };
		5BD975862672128500432F2C /* Utils.swift in Sources */ = {isa = PBXBuildFile; fileRef = 5BD975852672128500432F2C /* Utils.swift */; };
		5BE3328C24E1453D00BB0D60 /* ExampleApp.swift in Sources */ = {isa = PBXBuildFile; fileRef = 5BE3328B24E1453D00BB0D60 /* ExampleApp.swift */; };
		5BE3329324E1453E00BB0D60 /* Preview Assets.xcassets in Resources */ = {isa = PBXBuildFile; fileRef = 5BE3329224E1453E00BB0D60 /* Preview Assets.xcassets */; };
		5BE3329C24E14C0E00BB0D60 /* Pods_Example.framework in Frameworks */ = {isa = PBXBuildFile; fileRef = 5BE3329B24E14C0E00BB0D60 /* Pods_Example.framework */; };
		A724255926F34F9A00E57CB9 /* Utils.swift in Sources */ = {isa = PBXBuildFile; fileRef = 5BD975852672128500432F2C /* Utils.swift */; };
		DA44A94D331817E8266A75F9 /* Pods_ExampleMac.framework in Frameworks */ = {isa = PBXBuildFile; fileRef = 76DA1B91A1DC3B4D73FDBEB5 /* Pods_ExampleMac.framework */; };
/* End PBXBuildFile section */

/* Begin PBXContainerItemProxy section */
		5B23AA2E24EA55F70085D48E /* PBXContainerItemProxy */ = {
			isa = PBXContainerItemProxy;
			containerPortal = 5BE3328024E1453D00BB0D60 /* Project object */;
			proxyType = 1;
			remoteGlobalIDString = 5B23AA2B24EA55F70085D48E;
			remoteInfo = "ExampleWatch WatchKit App";
		};
		5B23AA3A24EA55F90085D48E /* PBXContainerItemProxy */ = {
			isa = PBXContainerItemProxy;
			containerPortal = 5BE3328024E1453D00BB0D60 /* Project object */;
			proxyType = 1;
			remoteGlobalIDString = 5B23AA3724EA55F90085D48E;
			remoteInfo = "ExampleWatch WatchKit Extension";
		};
/* End PBXContainerItemProxy section */

/* Begin PBXCopyFilesBuildPhase section */
		5B23AA4F24EA55FA0085D48E /* Embed App Extensions */ = {
			isa = PBXCopyFilesBuildPhase;
			buildActionMask = 2147483647;
			dstPath = "";
			dstSubfolderSpec = 13;
			files = (
				5B23AA3924EA55F90085D48E /* ExampleWatch WatchKit Extension.appex in Embed App Extensions */,
			);
			name = "Embed App Extensions";
			runOnlyForDeploymentPostprocessing = 0;
		};
		5B23AA5324EA55FA0085D48E /* Embed Watch Content */ = {
			isa = PBXCopyFilesBuildPhase;
			buildActionMask = 2147483647;
			dstPath = "$(CONTENTS_FOLDER_PATH)/Watch";
			dstSubfolderSpec = 16;
			files = (
				5B23AA2D24EA55F70085D48E /* ExampleWatch WatchKit App.app in Embed Watch Content */,
			);
			name = "Embed Watch Content";
			runOnlyForDeploymentPostprocessing = 0;
		};
/* End PBXCopyFilesBuildPhase section */

/* Begin PBXFileReference section */
		047607F7063CA95EC046101F /* Pods_ExampleWatch_WatchKit_Extension.framework */ = {isa = PBXFileReference; explicitFileType = wrapper.framework; includeInIndex = 0; path = Pods_ExampleWatch_WatchKit_Extension.framework; sourceTree = BUILT_PRODUCTS_DIR; };
		130B57A728362D97001C13AA /* Images.swift */ = {isa = PBXFileReference; lastKnownFileType = sourcecode.swift; path = Images.swift; sourceTree = "<group>"; };
		130B57AB28362E40001C13AA /* PopupsList.swift */ = {isa = PBXFileReference; lastKnownFileType = sourcecode.swift; path = PopupsList.swift; sourceTree = "<group>"; };
		130B57AF28363106001C13AA /* PopupButton.swift */ = {isa = PBXFileReference; lastKnownFileType = sourcecode.swift; path = PopupButton.swift; sourceTree = "<group>"; };
		130B57BC283647E7001C13AA /* Floats.swift */ = {isa = PBXFileReference; lastKnownFileType = sourcecode.swift; path = Floats.swift; sourceTree = "<group>"; };
		1337B1F5283660230095C9FB /* Toasts.swift */ = {isa = PBXFileReference; lastKnownFileType = sourcecode.swift; path = Toasts.swift; sourceTree = "<group>"; };
		13FAA5C6283747F100D298A5 /* Popups.swift */ = {isa = PBXFileReference; lastKnownFileType = sourcecode.swift; path = Popups.swift; sourceTree = "<group>"; };
		13FAA5CA28375C6500D298A5 /* ActionSheets.swift */ = {isa = PBXFileReference; lastKnownFileType = sourcecode.swift; path = ActionSheets.swift; sourceTree = "<group>"; };
		2661EE006E19B712260FF9EB /* Pods-ExampleMac.release.xcconfig */ = {isa = PBXFileReference; includeInIndex = 1; lastKnownFileType = text.xcconfig; name = "Pods-ExampleMac.release.xcconfig"; path = "Target Support Files/Pods-ExampleMac/Pods-ExampleMac.release.xcconfig"; sourceTree = "<group>"; };
		3C79EBE5B4DE8C5FBABBBAC6 /* Pods-ExampleMac.debug.xcconfig */ = {isa = PBXFileReference; includeInIndex = 1; lastKnownFileType = text.xcconfig; name = "Pods-ExampleMac.debug.xcconfig"; path = "Target Support Files/Pods-ExampleMac/Pods-ExampleMac.debug.xcconfig"; sourceTree = "<group>"; };
		5B10178925346F7A00105E9A /* ContentView.swift */ = {isa = PBXFileReference; fileEncoding = 4; lastKnownFileType = sourcecode.swift; path = ContentView.swift; sourceTree = "<group>"; };
		5B23AA1724EA559B0085D48E /* ExampleMac.app */ = {isa = PBXFileReference; explicitFileType = wrapper.application; includeInIndex = 0; path = ExampleMac.app; sourceTree = BUILT_PRODUCTS_DIR; };
		5B23AA1924EA559C0085D48E /* ExampleMacApp.swift */ = {isa = PBXFileReference; lastKnownFileType = sourcecode.swift; path = ExampleMacApp.swift; sourceTree = "<group>"; usesTabs = 0; };
		5B23AA2024EA559D0085D48E /* Preview Assets.xcassets */ = {isa = PBXFileReference; lastKnownFileType = folder.assetcatalog; path = "Preview Assets.xcassets"; sourceTree = "<group>"; };
		5B23AA2224EA559D0085D48E /* Info.plist */ = {isa = PBXFileReference; lastKnownFileType = text.plist.xml; path = Info.plist; sourceTree = "<group>"; };
		5B23AA2324EA559D0085D48E /* ExampleMac.entitlements */ = {isa = PBXFileReference; lastKnownFileType = text.plist.entitlements; path = ExampleMac.entitlements; sourceTree = "<group>"; };
		5B23AA2924EA55F70085D48E /* ExampleWatch.app */ = {isa = PBXFileReference; explicitFileType = wrapper.application; includeInIndex = 0; path = ExampleWatch.app; sourceTree = BUILT_PRODUCTS_DIR; };
		5B23AA2C24EA55F70085D48E /* ExampleWatch WatchKit App.app */ = {isa = PBXFileReference; explicitFileType = wrapper.application; includeInIndex = 0; path = "ExampleWatch WatchKit App.app"; sourceTree = BUILT_PRODUCTS_DIR; };
		5B23AA3324EA55F90085D48E /* Info.plist */ = {isa = PBXFileReference; lastKnownFileType = text.plist.xml; path = Info.plist; sourceTree = "<group>"; };
		5B23AA3824EA55F90085D48E /* ExampleWatch WatchKit Extension.appex */ = {isa = PBXFileReference; explicitFileType = "wrapper.app-extension"; includeInIndex = 0; path = "ExampleWatch WatchKit Extension.appex"; sourceTree = BUILT_PRODUCTS_DIR; };
		5B23AA3D24EA55F90085D48E /* ExampleApp.swift */ = {isa = PBXFileReference; lastKnownFileType = sourcecode.swift; path = ExampleApp.swift; sourceTree = "<group>"; };
		5B23AA4124EA55F90085D48E /* NotificationController.swift */ = {isa = PBXFileReference; lastKnownFileType = sourcecode.swift; path = NotificationController.swift; sourceTree = "<group>"; };
		5B23AA4324EA55F90085D48E /* NotificationView.swift */ = {isa = PBXFileReference; lastKnownFileType = sourcecode.swift; path = NotificationView.swift; sourceTree = "<group>"; };
		5B23AA4824EA55FA0085D48E /* Preview Assets.xcassets */ = {isa = PBXFileReference; lastKnownFileType = folder.assetcatalog; path = "Preview Assets.xcassets"; sourceTree = "<group>"; };
		5B23AA4A24EA55FA0085D48E /* Info.plist */ = {isa = PBXFileReference; lastKnownFileType = text.plist.xml; path = Info.plist; sourceTree = "<group>"; };
		5B23AA4B24EA55FA0085D48E /* PushNotificationPayload.apns */ = {isa = PBXFileReference; lastKnownFileType = text; path = PushNotificationPayload.apns; sourceTree = "<group>"; };
		5B283509252DDBEC00353EED /* Launch Screen.storyboard */ = {isa = PBXFileReference; lastKnownFileType = file.storyboard; path = "Launch Screen.storyboard"; sourceTree = "<group>"; };
		5B5B04FA25345BB900739AD7 /* Assets.xcassets */ = {isa = PBXFileReference; lastKnownFileType = folder.assetcatalog; path = Assets.xcassets; sourceTree = "<group>"; };
		5B5B04FB25345BB900739AD7 /* ContentView.swift */ = {isa = PBXFileReference; fileEncoding = 4; lastKnownFileType = sourcecode.swift; path = ContentView.swift; sourceTree = "<group>"; usesTabs = 0; };
		5BD975852672128500432F2C /* Utils.swift */ = {isa = PBXFileReference; lastKnownFileType = sourcecode.swift; path = Utils.swift; sourceTree = "<group>"; usesTabs = 0; };
		5BE3328824E1453D00BB0D60 /* Example.app */ = {isa = PBXFileReference; explicitFileType = wrapper.application; includeInIndex = 0; path = Example.app; sourceTree = BUILT_PRODUCTS_DIR; };
		5BE3328B24E1453D00BB0D60 /* ExampleApp.swift */ = {isa = PBXFileReference; lastKnownFileType = sourcecode.swift; path = ExampleApp.swift; sourceTree = "<group>"; };
		5BE3329224E1453E00BB0D60 /* Preview Assets.xcassets */ = {isa = PBXFileReference; lastKnownFileType = folder.assetcatalog; path = "Preview Assets.xcassets"; sourceTree = "<group>"; };
		5BE3329424E1453E00BB0D60 /* Info.plist */ = {isa = PBXFileReference; lastKnownFileType = text.plist.xml; path = Info.plist; sourceTree = "<group>"; };
		5BE3329524E1453E00BB0D60 /* Example.entitlements */ = {isa = PBXFileReference; lastKnownFileType = text.plist.entitlements; path = Example.entitlements; sourceTree = "<group>"; };
		5BE3329B24E14C0E00BB0D60 /* Pods_Example.framework */ = {isa = PBXFileReference; explicitFileType = wrapper.framework; path = Pods_Example.framework; sourceTree = BUILT_PRODUCTS_DIR; };
		5C9D22C4DA8B5FE90BA31CE8 /* Pods-ExampleTV.debug.xcconfig */ = {isa = PBXFileReference; includeInIndex = 1; lastKnownFileType = text.xcconfig; name = "Pods-ExampleTV.debug.xcconfig"; path = "Target Support Files/Pods-ExampleTV/Pods-ExampleTV.debug.xcconfig"; sourceTree = "<group>"; };
		6FE5481D52232E6FA08E3C68 /* Pods_ExampleTV.framework */ = {isa = PBXFileReference; explicitFileType = wrapper.framework; includeInIndex = 0; path = Pods_ExampleTV.framework; sourceTree = BUILT_PRODUCTS_DIR; };
		76DA1B91A1DC3B4D73FDBEB5 /* Pods_ExampleMac.framework */ = {isa = PBXFileReference; explicitFileType = wrapper.framework; includeInIndex = 0; path = Pods_ExampleMac.framework; sourceTree = BUILT_PRODUCTS_DIR; };
		7FD446D3927115754E009ABD /* Pods-ExampleTV.release.xcconfig */ = {isa = PBXFileReference; includeInIndex = 1; lastKnownFileType = text.xcconfig; name = "Pods-ExampleTV.release.xcconfig"; path = "Target Support Files/Pods-ExampleTV/Pods-ExampleTV.release.xcconfig"; sourceTree = "<group>"; };
		82F47648FB7052F4F19DB78E /* Pods-ExampleWatch WatchKit Extension.debug.xcconfig */ = {isa = PBXFileReference; includeInIndex = 1; lastKnownFileType = text.xcconfig; name = "Pods-ExampleWatch WatchKit Extension.debug.xcconfig"; path = "Target Support Files/Pods-ExampleWatch WatchKit Extension/Pods-ExampleWatch WatchKit Extension.debug.xcconfig"; sourceTree = "<group>"; };
		9EDCF219E754E29F2DC473CF /* Pods-Example.debug.xcconfig */ = {isa = PBXFileReference; includeInIndex = 1; lastKnownFileType = text.xcconfig; name = "Pods-Example.debug.xcconfig"; path = "Target Support Files/Pods-Example/Pods-Example.debug.xcconfig"; sourceTree = "<group>"; };
		D444BADC2554BBDE78C447DF /* Pods-Example.release.xcconfig */ = {isa = PBXFileReference; includeInIndex = 1; lastKnownFileType = text.xcconfig; name = "Pods-Example.release.xcconfig"; path = "Target Support Files/Pods-Example/Pods-Example.release.xcconfig"; sourceTree = "<group>"; };
		EFD9854DCF54FC5DC2B78A91 /* Pods-ExampleWatch WatchKit Extension.release.xcconfig */ = {isa = PBXFileReference; includeInIndex = 1; lastKnownFileType = text.xcconfig; name = "Pods-ExampleWatch WatchKit Extension.release.xcconfig"; path = "Target Support Files/Pods-ExampleWatch WatchKit Extension/Pods-ExampleWatch WatchKit Extension.release.xcconfig"; sourceTree = "<group>"; };
		FDD1814DD0D23BD61A889B79 /* Pods_Example.framework */ = {isa = PBXFileReference; explicitFileType = wrapper.framework; includeInIndex = 0; path = Pods_Example.framework; sourceTree = BUILT_PRODUCTS_DIR; };
/* End PBXFileReference section */

/* Begin PBXFrameworksBuildPhase section */
		2FF83323F2820B83325D1CFF /* Frameworks */ = {
			isa = PBXFrameworksBuildPhase;
			buildActionMask = 2147483647;
			files = (
			);
			runOnlyForDeploymentPostprocessing = 0;
		};
		5B23AA1424EA559B0085D48E /* Frameworks */ = {
			isa = PBXFrameworksBuildPhase;
			buildActionMask = 2147483647;
			files = (
				DA44A94D331817E8266A75F9 /* Pods_ExampleMac.framework in Frameworks */,
			);
			runOnlyForDeploymentPostprocessing = 0;
		};
		5B23AA3524EA55F90085D48E /* Frameworks */ = {
			isa = PBXFrameworksBuildPhase;
			buildActionMask = 2147483647;
			files = (
				45D71F5C3B56A674E19CD6A4 /* Pods_ExampleWatch_WatchKit_Extension.framework in Frameworks */,
			);
			runOnlyForDeploymentPostprocessing = 0;
		};
		5BE3328524E1453D00BB0D60 /* Frameworks */ = {
			isa = PBXFrameworksBuildPhase;
			buildActionMask = 2147483647;
			files = (
				5BE3329C24E14C0E00BB0D60 /* Pods_Example.framework in Frameworks */,
			);
			runOnlyForDeploymentPostprocessing = 0;
		};
		8EE94E928AE1225710124B53 /* Frameworks */ = {
			isa = PBXFrameworksBuildPhase;
			buildActionMask = 2147483647;
			files = (
			);
			runOnlyForDeploymentPostprocessing = 0;
		};
/* End PBXFrameworksBuildPhase section */

/* Begin PBXGroup section */
		130B57A628362D69001C13AA /* Views */ = {
			isa = PBXGroup;
			children = (
				13B0C716283B6689008F428D /* Components */,
				13B0C715283B6673008F428D /* Examples */,
				130B57AB28362E40001C13AA /* PopupsList.swift */,
			);
			path = Views;
			sourceTree = "<group>";
		};
		13B0C715283B6673008F428D /* Examples */ = {
			isa = PBXGroup;
			children = (
				130B57BC283647E7001C13AA /* Floats.swift */,
				1337B1F5283660230095C9FB /* Toasts.swift */,
				13FAA5C6283747F100D298A5 /* Popups.swift */,
				13FAA5CA28375C6500D298A5 /* ActionSheets.swift */,
			);
			path = Examples;
			sourceTree = "<group>";
		};
		13B0C716283B6689008F428D /* Components */ = {
			isa = PBXGroup;
			children = (
				130B57AF28363106001C13AA /* PopupButton.swift */,
				130B57A728362D97001C13AA /* Images.swift */,
			);
			path = Components;
			sourceTree = "<group>";
		};
		5B23AA1824EA559B0085D48E /* ExampleMac */ = {
			isa = PBXGroup;
			children = (
				5B23AA1924EA559C0085D48E /* ExampleMacApp.swift */,
				5B23AA2224EA559D0085D48E /* Info.plist */,
				5B23AA2324EA559D0085D48E /* ExampleMac.entitlements */,
				5B23AA1F24EA559D0085D48E /* Preview Content */,
			);
			path = ExampleMac;
			sourceTree = "<group>";
		};
		5B23AA1F24EA559D0085D48E /* Preview Content */ = {
			isa = PBXGroup;
			children = (
				5B23AA2024EA559D0085D48E /* Preview Assets.xcassets */,
			);
			path = "Preview Content";
			sourceTree = "<group>";
		};
		5B23AA3024EA55F70085D48E /* ExampleWatch WatchKit App */ = {
			isa = PBXGroup;
			children = (
				5B23AA3324EA55F90085D48E /* Info.plist */,
			);
			path = "ExampleWatch WatchKit App";
			sourceTree = "<group>";
		};
		5B23AA3C24EA55F90085D48E /* ExampleWatch WatchKit Extension */ = {
			isa = PBXGroup;
			children = (
				5B10178925346F7A00105E9A /* ContentView.swift */,
				5B23AA3D24EA55F90085D48E /* ExampleApp.swift */,
				5B23AA4124EA55F90085D48E /* NotificationController.swift */,
				5B23AA4324EA55F90085D48E /* NotificationView.swift */,
				5B23AA4A24EA55FA0085D48E /* Info.plist */,
				5B23AA4B24EA55FA0085D48E /* PushNotificationPayload.apns */,
				5B23AA4724EA55FA0085D48E /* Preview Content */,
			);
			path = "ExampleWatch WatchKit Extension";
			sourceTree = "<group>";
		};
		5B23AA4724EA55FA0085D48E /* Preview Content */ = {
			isa = PBXGroup;
			children = (
				5B23AA4824EA55FA0085D48E /* Preview Assets.xcassets */,
			);
			path = "Preview Content";
			sourceTree = "<group>";
		};
		5B5B04F925345BB900739AD7 /* Common */ = {
			isa = PBXGroup;
			children = (
				130B57A628362D69001C13AA /* Views */,
				5B5B04FA25345BB900739AD7 /* Assets.xcassets */,
				5B5B04FB25345BB900739AD7 /* ContentView.swift */,
				5BD975852672128500432F2C /* Utils.swift */,
			);
			path = Common;
			sourceTree = "<group>";
		};
		5BE3327F24E1453D00BB0D60 = {
			isa = PBXGroup;
			children = (
				5B5B04F925345BB900739AD7 /* Common */,
				5BE3328A24E1453D00BB0D60 /* Example */,
				5B23AA1824EA559B0085D48E /* ExampleMac */,
				5B23AA3024EA55F70085D48E /* ExampleWatch WatchKit App */,
				5B23AA3C24EA55F90085D48E /* ExampleWatch WatchKit Extension */,
				8879C56D1E7EFE833B58CDE3 /* Frameworks */,
				86397A5F66721DA7C9A08F3B /* Pods */,
				5BE3328924E1453D00BB0D60 /* Products */,
			);
			sourceTree = "<group>";
		};
		5BE3328924E1453D00BB0D60 /* Products */ = {
			isa = PBXGroup;
			children = (
				5BE3328824E1453D00BB0D60 /* Example.app */,
				5B23AA1724EA559B0085D48E /* ExampleMac.app */,
				5B23AA2924EA55F70085D48E /* ExampleWatch.app */,
				5B23AA2C24EA55F70085D48E /* ExampleWatch WatchKit App.app */,
				5B23AA3824EA55F90085D48E /* ExampleWatch WatchKit Extension.appex */,
			);
			name = Products;
			sourceTree = "<group>";
		};
		5BE3328A24E1453D00BB0D60 /* Example */ = {
			isa = PBXGroup;
			children = (
				5B283509252DDBEC00353EED /* Launch Screen.storyboard */,
				5BE3328B24E1453D00BB0D60 /* ExampleApp.swift */,
				5BE3329424E1453E00BB0D60 /* Info.plist */,
				5BE3329524E1453E00BB0D60 /* Example.entitlements */,
				5BE3329124E1453E00BB0D60 /* Preview Content */,
			);
			path = Example;
			sourceTree = "<group>";
		};
		5BE3329124E1453E00BB0D60 /* Preview Content */ = {
			isa = PBXGroup;
			children = (
				5BE3329224E1453E00BB0D60 /* Preview Assets.xcassets */,
			);
			path = "Preview Content";
			sourceTree = "<group>";
		};
		86397A5F66721DA7C9A08F3B /* Pods */ = {
			isa = PBXGroup;
			children = (
				9EDCF219E754E29F2DC473CF /* Pods-Example.debug.xcconfig */,
				D444BADC2554BBDE78C447DF /* Pods-Example.release.xcconfig */,
				3C79EBE5B4DE8C5FBABBBAC6 /* Pods-ExampleMac.debug.xcconfig */,
				2661EE006E19B712260FF9EB /* Pods-ExampleMac.release.xcconfig */,
				5C9D22C4DA8B5FE90BA31CE8 /* Pods-ExampleTV.debug.xcconfig */,
				7FD446D3927115754E009ABD /* Pods-ExampleTV.release.xcconfig */,
				82F47648FB7052F4F19DB78E /* Pods-ExampleWatch WatchKit Extension.debug.xcconfig */,
				EFD9854DCF54FC5DC2B78A91 /* Pods-ExampleWatch WatchKit Extension.release.xcconfig */,
			);
			path = Pods;
			sourceTree = "<group>";
		};
		8879C56D1E7EFE833B58CDE3 /* Frameworks */ = {
			isa = PBXGroup;
			children = (
				5BE3329B24E14C0E00BB0D60 /* Pods_Example.framework */,
				FDD1814DD0D23BD61A889B79 /* Pods_Example.framework */,
				76DA1B91A1DC3B4D73FDBEB5 /* Pods_ExampleMac.framework */,
				6FE5481D52232E6FA08E3C68 /* Pods_ExampleTV.framework */,
				047607F7063CA95EC046101F /* Pods_ExampleWatch_WatchKit_Extension.framework */,
			);
			name = Frameworks;
			sourceTree = "<group>";
		};
/* End PBXGroup section */

/* Begin PBXNativeTarget section */
		5B23AA1624EA559B0085D48E /* ExampleMac */ = {
			isa = PBXNativeTarget;
			buildConfigurationList = 5B23AA2624EA559D0085D48E /* Build configuration list for PBXNativeTarget "ExampleMac" */;
			buildPhases = (
				960333C7EF1345A9C0BBDD91 /* [CP] Check Pods Manifest.lock */,
				5B23AA1324EA559B0085D48E /* Sources */,
				5B23AA1424EA559B0085D48E /* Frameworks */,
				5B23AA1524EA559B0085D48E /* Resources */,
				67F83E720F126613355CC2FE /* [CP] Embed Pods Frameworks */,
			);
			buildRules = (
			);
			dependencies = (
			);
			name = ExampleMac;
			productName = ExampleMac;
			productReference = 5B23AA1724EA559B0085D48E /* ExampleMac.app */;
			productType = "com.apple.product-type.application";
		};
		5B23AA2824EA55F70085D48E /* ExampleWatch */ = {
			isa = PBXNativeTarget;
			buildConfigurationList = 5B23AA5424EA55FA0085D48E /* Build configuration list for PBXNativeTarget "ExampleWatch" */;
			buildPhases = (
				5B23AA2724EA55F70085D48E /* Resources */,
				5B23AA5324EA55FA0085D48E /* Embed Watch Content */,
				8EE94E928AE1225710124B53 /* Frameworks */,
			);
			buildRules = (
			);
			dependencies = (
				5B23AA2F24EA55F70085D48E /* PBXTargetDependency */,
			);
			name = ExampleWatch;
			productName = ExampleWatch;
			productReference = 5B23AA2924EA55F70085D48E /* ExampleWatch.app */;
			productType = "com.apple.product-type.application.watchapp2-container";
		};
		5B23AA2B24EA55F70085D48E /* ExampleWatch WatchKit App */ = {
			isa = PBXNativeTarget;
			buildConfigurationList = 5B23AA5024EA55FA0085D48E /* Build configuration list for PBXNativeTarget "ExampleWatch WatchKit App" */;
			buildPhases = (
				5B23AA2A24EA55F70085D48E /* Resources */,
				5B23AA4F24EA55FA0085D48E /* Embed App Extensions */,
				2FF83323F2820B83325D1CFF /* Frameworks */,
			);
			buildRules = (
			);
			dependencies = (
				5B23AA3B24EA55F90085D48E /* PBXTargetDependency */,
			);
			name = "ExampleWatch WatchKit App";
			productName = "ExampleWatch WatchKit App";
			productReference = 5B23AA2C24EA55F70085D48E /* ExampleWatch WatchKit App.app */;
			productType = "com.apple.product-type.application.watchapp2";
		};
		5B23AA3724EA55F90085D48E /* ExampleWatch WatchKit Extension */ = {
			isa = PBXNativeTarget;
			buildConfigurationList = 5B23AA4C24EA55FA0085D48E /* Build configuration list for PBXNativeTarget "ExampleWatch WatchKit Extension" */;
			buildPhases = (
				13348F9BB5A1C34A3A21498B /* [CP] Check Pods Manifest.lock */,
				5B23AA3424EA55F90085D48E /* Sources */,
				5B23AA3524EA55F90085D48E /* Frameworks */,
				5B23AA3624EA55F90085D48E /* Resources */,
				F760F2D27E2A04EB0ECC093A /* [CP] Embed Pods Frameworks */,
			);
			buildRules = (
			);
			dependencies = (
			);
			name = "ExampleWatch WatchKit Extension";
			productName = "ExampleWatch WatchKit Extension";
			productReference = 5B23AA3824EA55F90085D48E /* ExampleWatch WatchKit Extension.appex */;
			productType = "com.apple.product-type.watchkit2-extension";
		};
		5BE3328724E1453D00BB0D60 /* Example */ = {
			isa = PBXNativeTarget;
			buildConfigurationList = 5BE3329824E1453E00BB0D60 /* Build configuration list for PBXNativeTarget "Example" */;
			buildPhases = (
				80A02473BADD01A0E90CF071 /* [CP] Check Pods Manifest.lock */,
				5BE3328424E1453D00BB0D60 /* Sources */,
				5BE3328524E1453D00BB0D60 /* Frameworks */,
				5BE3328624E1453D00BB0D60 /* Resources */,
				25456E6936B9C60C7C24A4B8 /* [CP] Embed Pods Frameworks */,
			);
			buildRules = (
			);
			dependencies = (
			);
			name = Example;
			productName = Example;
			productReference = 5BE3328824E1453D00BB0D60 /* Example.app */;
			productType = "com.apple.product-type.application";
		};
/* End PBXNativeTarget section */

/* Begin PBXProject section */
		5BE3328024E1453D00BB0D60 /* Project object */ = {
			isa = PBXProject;
			attributes = {
				LastSwiftUpdateCheck = 1200;
				LastUpgradeCheck = 1250;
				TargetAttributes = {
					5B23AA1624EA559B0085D48E = {
						CreatedOnToolsVersion = 12.0;
					};
					5B23AA2824EA55F70085D48E = {
						CreatedOnToolsVersion = 12.0;
					};
					5B23AA2B24EA55F70085D48E = {
						CreatedOnToolsVersion = 12.0;
					};
					5B23AA3724EA55F90085D48E = {
						CreatedOnToolsVersion = 12.0;
					};
					5BE3328724E1453D00BB0D60 = {
						CreatedOnToolsVersion = 12.0;
					};
				};
			};
			buildConfigurationList = 5BE3328324E1453D00BB0D60 /* Build configuration list for PBXProject "Example" */;
			compatibilityVersion = "Xcode 9.3";
			developmentRegion = en;
			hasScannedForEncodings = 0;
			knownRegions = (
				en,
				Base,
			);
			mainGroup = 5BE3327F24E1453D00BB0D60;
			productRefGroup = 5BE3328924E1453D00BB0D60 /* Products */;
			projectDirPath = "";
			projectRoot = "";
			targets = (
				5BE3328724E1453D00BB0D60 /* Example */,
				5B23AA1624EA559B0085D48E /* ExampleMac */,
				5B23AA2824EA55F70085D48E /* ExampleWatch */,
				5B23AA2B24EA55F70085D48E /* ExampleWatch WatchKit App */,
				5B23AA3724EA55F90085D48E /* ExampleWatch WatchKit Extension */,
			);
		};
/* End PBXProject section */

/* Begin PBXResourcesBuildPhase section */
		5B23AA1524EA559B0085D48E /* Resources */ = {
			isa = PBXResourcesBuildPhase;
			buildActionMask = 2147483647;
			files = (
				5B23AA2124EA559D0085D48E /* Preview Assets.xcassets in Resources */,
				5B5B04FD25345BB900739AD7 /* Assets.xcassets in Resources */,
			);
			runOnlyForDeploymentPostprocessing = 0;
		};
		5B23AA2724EA55F70085D48E /* Resources */ = {
			isa = PBXResourcesBuildPhase;
			buildActionMask = 2147483647;
			files = (
				5B5B04FF25345BB900739AD7 /* Assets.xcassets in Resources */,
			);
			runOnlyForDeploymentPostprocessing = 0;
		};
		5B23AA2A24EA55F70085D48E /* Resources */ = {
			isa = PBXResourcesBuildPhase;
			buildActionMask = 2147483647;
			files = (
				5B5B050025345BB900739AD7 /* Assets.xcassets in Resources */,
			);
			runOnlyForDeploymentPostprocessing = 0;
		};
		5B23AA3624EA55F90085D48E /* Resources */ = {
			isa = PBXResourcesBuildPhase;
			buildActionMask = 2147483647;
			files = (
				5B23AA4924EA55FA0085D48E /* Preview Assets.xcassets in Resources */,
				5B5B050125345BB900739AD7 /* Assets.xcassets in Resources */,
			);
			runOnlyForDeploymentPostprocessing = 0;
		};
		5BE3328624E1453D00BB0D60 /* Resources */ = {
			isa = PBXResourcesBuildPhase;
			buildActionMask = 2147483647;
			files = (
				5BE3329324E1453E00BB0D60 /* Preview Assets.xcassets in Resources */,
				5B28350A252DDBEC00353EED /* Launch Screen.storyboard in Resources */,
				5B5B04FC25345BB900739AD7 /* Assets.xcassets in Resources */,
			);
			runOnlyForDeploymentPostprocessing = 0;
		};
/* End PBXResourcesBuildPhase section */

/* Begin PBXShellScriptBuildPhase section */
		13348F9BB5A1C34A3A21498B /* [CP] Check Pods Manifest.lock */ = {
			isa = PBXShellScriptBuildPhase;
			buildActionMask = 2147483647;
			files = (
			);
			inputFileListPaths = (
			);
			inputPaths = (
				"${PODS_PODFILE_DIR_PATH}/Podfile.lock",
				"${PODS_ROOT}/Manifest.lock",
			);
			name = "[CP] Check Pods Manifest.lock";
			outputFileListPaths = (
			);
			outputPaths = (
				"$(DERIVED_FILE_DIR)/Pods-ExampleWatch WatchKit Extension-checkManifestLockResult.txt",
			);
			runOnlyForDeploymentPostprocessing = 0;
			shellPath = /bin/sh;
			shellScript = "diff \"${PODS_PODFILE_DIR_PATH}/Podfile.lock\" \"${PODS_ROOT}/Manifest.lock\" > /dev/null\nif [ $? != 0 ] ; then\n    # print error to STDERR\n    echo \"error: The sandbox is not in sync with the Podfile.lock. Run 'pod install' or update your CocoaPods installation.\" >&2\n    exit 1\nfi\n# This output is used by Xcode 'outputs' to avoid re-running this script phase.\necho \"SUCCESS\" > \"${SCRIPT_OUTPUT_FILE_0}\"\n";
			showEnvVarsInLog = 0;
		};
		25456E6936B9C60C7C24A4B8 /* [CP] Embed Pods Frameworks */ = {
			isa = PBXShellScriptBuildPhase;
			buildActionMask = 2147483647;
			files = (
			);
			inputFileListPaths = (
				"${PODS_ROOT}/Target Support Files/Pods-Example/Pods-Example-frameworks-${CONFIGURATION}-input-files.xcfilelist",
			);
			name = "[CP] Embed Pods Frameworks";
			outputFileListPaths = (
				"${PODS_ROOT}/Target Support Files/Pods-Example/Pods-Example-frameworks-${CONFIGURATION}-output-files.xcfilelist",
			);
			runOnlyForDeploymentPostprocessing = 0;
			shellPath = /bin/sh;
			shellScript = "\"${PODS_ROOT}/Target Support Files/Pods-Example/Pods-Example-frameworks.sh\"\n";
			showEnvVarsInLog = 0;
		};
		67F83E720F126613355CC2FE /* [CP] Embed Pods Frameworks */ = {
			isa = PBXShellScriptBuildPhase;
			buildActionMask = 2147483647;
			files = (
			);
			inputFileListPaths = (
				"${PODS_ROOT}/Target Support Files/Pods-ExampleMac/Pods-ExampleMac-frameworks-${CONFIGURATION}-input-files.xcfilelist",
			);
			name = "[CP] Embed Pods Frameworks";
			outputFileListPaths = (
				"${PODS_ROOT}/Target Support Files/Pods-ExampleMac/Pods-ExampleMac-frameworks-${CONFIGURATION}-output-files.xcfilelist",
			);
			runOnlyForDeploymentPostprocessing = 0;
			shellPath = /bin/sh;
			shellScript = "\"${PODS_ROOT}/Target Support Files/Pods-ExampleMac/Pods-ExampleMac-frameworks.sh\"\n";
			showEnvVarsInLog = 0;
		};
		80A02473BADD01A0E90CF071 /* [CP] Check Pods Manifest.lock */ = {
			isa = PBXShellScriptBuildPhase;
			buildActionMask = 2147483647;
			files = (
			);
			inputFileListPaths = (
			);
			inputPaths = (
				"${PODS_PODFILE_DIR_PATH}/Podfile.lock",
				"${PODS_ROOT}/Manifest.lock",
			);
			name = "[CP] Check Pods Manifest.lock";
			outputFileListPaths = (
			);
			outputPaths = (
				"$(DERIVED_FILE_DIR)/Pods-Example-checkManifestLockResult.txt",
			);
			runOnlyForDeploymentPostprocessing = 0;
			shellPath = /bin/sh;
			shellScript = "diff \"${PODS_PODFILE_DIR_PATH}/Podfile.lock\" \"${PODS_ROOT}/Manifest.lock\" > /dev/null\nif [ $? != 0 ] ; then\n    # print error to STDERR\n    echo \"error: The sandbox is not in sync with the Podfile.lock. Run 'pod install' or update your CocoaPods installation.\" >&2\n    exit 1\nfi\n# This output is used by Xcode 'outputs' to avoid re-running this script phase.\necho \"SUCCESS\" > \"${SCRIPT_OUTPUT_FILE_0}\"\n";
			showEnvVarsInLog = 0;
		};
		960333C7EF1345A9C0BBDD91 /* [CP] Check Pods Manifest.lock */ = {
			isa = PBXShellScriptBuildPhase;
			buildActionMask = 2147483647;
			files = (
			);
			inputFileListPaths = (
			);
			inputPaths = (
				"${PODS_PODFILE_DIR_PATH}/Podfile.lock",
				"${PODS_ROOT}/Manifest.lock",
			);
			name = "[CP] Check Pods Manifest.lock";
			outputFileListPaths = (
			);
			outputPaths = (
				"$(DERIVED_FILE_DIR)/Pods-ExampleMac-checkManifestLockResult.txt",
			);
			runOnlyForDeploymentPostprocessing = 0;
			shellPath = /bin/sh;
			shellScript = "diff \"${PODS_PODFILE_DIR_PATH}/Podfile.lock\" \"${PODS_ROOT}/Manifest.lock\" > /dev/null\nif [ $? != 0 ] ; then\n    # print error to STDERR\n    echo \"error: The sandbox is not in sync with the Podfile.lock. Run 'pod install' or update your CocoaPods installation.\" >&2\n    exit 1\nfi\n# This output is used by Xcode 'outputs' to avoid re-running this script phase.\necho \"SUCCESS\" > \"${SCRIPT_OUTPUT_FILE_0}\"\n";
			showEnvVarsInLog = 0;
		};
		F760F2D27E2A04EB0ECC093A /* [CP] Embed Pods Frameworks */ = {
			isa = PBXShellScriptBuildPhase;
			buildActionMask = 2147483647;
			files = (
			);
			inputFileListPaths = (
				"${PODS_ROOT}/Target Support Files/Pods-ExampleWatch WatchKit Extension/Pods-ExampleWatch WatchKit Extension-frameworks-${CONFIGURATION}-input-files.xcfilelist",
			);
			name = "[CP] Embed Pods Frameworks";
			outputFileListPaths = (
				"${PODS_ROOT}/Target Support Files/Pods-ExampleWatch WatchKit Extension/Pods-ExampleWatch WatchKit Extension-frameworks-${CONFIGURATION}-output-files.xcfilelist",
			);
			runOnlyForDeploymentPostprocessing = 0;
			shellPath = /bin/sh;
			shellScript = "\"${PODS_ROOT}/Target Support Files/Pods-ExampleWatch WatchKit Extension/Pods-ExampleWatch WatchKit Extension-frameworks.sh\"\n";
			showEnvVarsInLog = 0;
		};
/* End PBXShellScriptBuildPhase section */

/* Begin PBXSourcesBuildPhase section */
		5B23AA1324EA559B0085D48E /* Sources */ = {
			isa = PBXSourcesBuildPhase;
			buildActionMask = 2147483647;
			files = (
				130B57A928362D97001C13AA /* Images.swift in Sources */,
				13FAA5CC28375C6500D298A5 /* ActionSheets.swift in Sources */,
				5B5B050325345BB900739AD7 /* ContentView.swift in Sources */,
				130B57B128363106001C13AA /* PopupButton.swift in Sources */,
				5B23AA1A24EA559C0085D48E /* ExampleMacApp.swift in Sources */,
				130B57AD28362E40001C13AA /* PopupsList.swift in Sources */,
				A724255926F34F9A00E57CB9 /* Utils.swift in Sources */,
				1337B1F7283660230095C9FB /* Toasts.swift in Sources */,
				130B57BD283647E9001C13AA /* Floats.swift in Sources */,
				13FAA5C8283747F100D298A5 /* Popups.swift in Sources */,
			);
			runOnlyForDeploymentPostprocessing = 0;
		};
		5B23AA3424EA55F90085D48E /* Sources */ = {
			isa = PBXSourcesBuildPhase;
			buildActionMask = 2147483647;
			files = (
				5B23AA4224EA55F90085D48E /* NotificationController.swift in Sources */,
				5B10178A25346F7A00105E9A /* ContentView.swift in Sources */,
				5B23AA3E24EA55F90085D48E /* ExampleApp.swift in Sources */,
				5B23AA4424EA55F90085D48E /* NotificationView.swift in Sources */,
			);
			runOnlyForDeploymentPostprocessing = 0;
		};
		5BE3328424E1453D00BB0D60 /* Sources */ = {
			isa = PBXSourcesBuildPhase;
			buildActionMask = 2147483647;
			files = (
				130B57A828362D97001C13AA /* Images.swift in Sources */,
				13FAA5CB28375C6500D298A5 /* ActionSheets.swift in Sources */,
				5B5B050225345BB900739AD7 /* ContentView.swift in Sources */,
				130B57B028363106001C13AA /* PopupButton.swift in Sources */,
				5BE3328C24E1453D00BB0D60 /* ExampleApp.swift in Sources */,
				130B57AC28362E40001C13AA /* PopupsList.swift in Sources */,
				5BD975862672128500432F2C /* Utils.swift in Sources */,
				1337B1F6283660230095C9FB /* Toasts.swift in Sources */,
				130B57C728365002001C13AA /* Floats.swift in Sources */,
				13FAA5C7283747F100D298A5 /* Popups.swift in Sources */,
			);
			runOnlyForDeploymentPostprocessing = 0;
		};
/* End PBXSourcesBuildPhase section */

/* Begin PBXTargetDependency section */
		5B23AA2F24EA55F70085D48E /* PBXTargetDependency */ = {
			isa = PBXTargetDependency;
			target = 5B23AA2B24EA55F70085D48E /* ExampleWatch WatchKit App */;
			targetProxy = 5B23AA2E24EA55F70085D48E /* PBXContainerItemProxy */;
		};
		5B23AA3B24EA55F90085D48E /* PBXTargetDependency */ = {
			isa = PBXTargetDependency;
			target = 5B23AA3724EA55F90085D48E /* ExampleWatch WatchKit Extension */;
			targetProxy = 5B23AA3A24EA55F90085D48E /* PBXContainerItemProxy */;
		};
/* End PBXTargetDependency section */

/* Begin XCBuildConfiguration section */
		5B23AA2424EA559D0085D48E /* Debug */ = {
			isa = XCBuildConfiguration;
			baseConfigurationReference = 3C79EBE5B4DE8C5FBABBBAC6 /* Pods-ExampleMac.debug.xcconfig */;
			buildSettings = {
				ASSETCATALOG_COMPILER_APPICON_NAME = AppIcon;
				ASSETCATALOG_COMPILER_GLOBAL_ACCENT_COLOR_NAME = AccentColor;
				CODE_SIGN_ENTITLEMENTS = ExampleMac/ExampleMac.entitlements;
				CODE_SIGN_IDENTITY = "-";
				CODE_SIGN_STYLE = Automatic;
				COMBINE_HIDPI_IMAGES = YES;
				DEVELOPMENT_ASSET_PATHS = "\"ExampleMac/Preview Content\"";
				ENABLE_PREVIEWS = YES;
				EXCLUDED_ARCHS = arm64;
				INFOPLIST_FILE = ExampleMac/Info.plist;
				LD_RUNPATH_SEARCH_PATHS = (
					"$(inherited)",
					"@executable_path/../Frameworks",
				);
				MACOSX_DEPLOYMENT_TARGET = 11.0;
				PRODUCT_BUNDLE_IDENTIFIER = exyte.ExampleMac;
				PRODUCT_NAME = "$(TARGET_NAME)";
				SDKROOT = macosx;
				SUPPORTED_PLATFORMS = macosx;
				SWIFT_VERSION = 5.0;
			};
			name = Debug;
		};
		5B23AA2524EA559D0085D48E /* Release */ = {
			isa = XCBuildConfiguration;
			baseConfigurationReference = 2661EE006E19B712260FF9EB /* Pods-ExampleMac.release.xcconfig */;
			buildSettings = {
				ASSETCATALOG_COMPILER_APPICON_NAME = AppIcon;
				ASSETCATALOG_COMPILER_GLOBAL_ACCENT_COLOR_NAME = AccentColor;
				CODE_SIGN_ENTITLEMENTS = ExampleMac/ExampleMac.entitlements;
				CODE_SIGN_IDENTITY = "-";
				CODE_SIGN_STYLE = Automatic;
				COMBINE_HIDPI_IMAGES = YES;
				DEVELOPMENT_ASSET_PATHS = "\"ExampleMac/Preview Content\"";
				ENABLE_PREVIEWS = YES;
				EXCLUDED_ARCHS = arm64;
				INFOPLIST_FILE = ExampleMac/Info.plist;
				LD_RUNPATH_SEARCH_PATHS = (
					"$(inherited)",
					"@executable_path/../Frameworks",
				);
				MACOSX_DEPLOYMENT_TARGET = 11.0;
				PRODUCT_BUNDLE_IDENTIFIER = exyte.ExampleMac;
				PRODUCT_NAME = "$(TARGET_NAME)";
				SDKROOT = macosx;
				SUPPORTED_PLATFORMS = macosx;
				SWIFT_VERSION = 5.0;
			};
			name = Release;
		};
		5B23AA4D24EA55FA0085D48E /* Debug */ = {
			isa = XCBuildConfiguration;
			baseConfigurationReference = 82F47648FB7052F4F19DB78E /* Pods-ExampleWatch WatchKit Extension.debug.xcconfig */;
			buildSettings = {
				ASSETCATALOG_COMPILER_COMPLICATION_NAME = Complication;
				CODE_SIGN_STYLE = Automatic;
				DEVELOPMENT_ASSET_PATHS = "\"ExampleWatch WatchKit Extension/Preview Content\"";
				ENABLE_PREVIEWS = YES;
				INFOPLIST_FILE = "ExampleWatch WatchKit Extension/Info.plist";
				LD_RUNPATH_SEARCH_PATHS = (
					"$(inherited)",
					"@executable_path/Frameworks",
					"@executable_path/../../Frameworks",
				);
				PRODUCT_BUNDLE_IDENTIFIER = exyte.ExampleWatch.watchkitapp.watchkitextension;
				PRODUCT_NAME = "${TARGET_NAME}";
				SDKROOT = watchos;
				SKIP_INSTALL = YES;
				SUPPORTED_PLATFORMS = "watchsimulator watchos";
				SWIFT_VERSION = 5.0;
				TARGETED_DEVICE_FAMILY = 4;
				WATCHOS_DEPLOYMENT_TARGET = 7.0;
			};
			name = Debug;
		};
		5B23AA4E24EA55FA0085D48E /* Release */ = {
			isa = XCBuildConfiguration;
			baseConfigurationReference = EFD9854DCF54FC5DC2B78A91 /* Pods-ExampleWatch WatchKit Extension.release.xcconfig */;
			buildSettings = {
				ASSETCATALOG_COMPILER_COMPLICATION_NAME = Complication;
				CODE_SIGN_STYLE = Automatic;
				DEVELOPMENT_ASSET_PATHS = "\"ExampleWatch WatchKit Extension/Preview Content\"";
				ENABLE_PREVIEWS = YES;
				INFOPLIST_FILE = "ExampleWatch WatchKit Extension/Info.plist";
				LD_RUNPATH_SEARCH_PATHS = (
					"$(inherited)",
					"@executable_path/Frameworks",
					"@executable_path/../../Frameworks",
				);
				PRODUCT_BUNDLE_IDENTIFIER = exyte.ExampleWatch.watchkitapp.watchkitextension;
				PRODUCT_NAME = "${TARGET_NAME}";
				SDKROOT = watchos;
				SKIP_INSTALL = YES;
				SUPPORTED_PLATFORMS = "watchsimulator watchos";
				SWIFT_VERSION = 5.0;
				TARGETED_DEVICE_FAMILY = 4;
				VALIDATE_PRODUCT = YES;
				WATCHOS_DEPLOYMENT_TARGET = 7.0;
			};
			name = Release;
		};
		5B23AA5124EA55FA0085D48E /* Debug */ = {
			isa = XCBuildConfiguration;
			buildSettings = {
				ALWAYS_EMBED_SWIFT_STANDARD_LIBRARIES = YES;
				ASSETCATALOG_COMPILER_APPICON_NAME = AppIcon;
				ASSETCATALOG_COMPILER_GLOBAL_ACCENT_COLOR_NAME = AccentColor;
				CODE_SIGN_STYLE = Automatic;
				IBSC_MODULE = ExampleWatch_WatchKit_Extension;
				INFOPLIST_FILE = "ExampleWatch WatchKit App/Info.plist";
				PRODUCT_BUNDLE_IDENTIFIER = exyte.ExampleWatch.watchkitapp;
				PRODUCT_NAME = "$(TARGET_NAME)";
				SDKROOT = watchos;
				SKIP_INSTALL = YES;
				SUPPORTED_PLATFORMS = "watchsimulator watchos";
				SWIFT_VERSION = 5.0;
				TARGETED_DEVICE_FAMILY = 4;
				WATCHOS_DEPLOYMENT_TARGET = 7.0;
			};
			name = Debug;
		};
		5B23AA5224EA55FA0085D48E /* Release */ = {
			isa = XCBuildConfiguration;
			buildSettings = {
				ALWAYS_EMBED_SWIFT_STANDARD_LIBRARIES = YES;
				ASSETCATALOG_COMPILER_APPICON_NAME = AppIcon;
				ASSETCATALOG_COMPILER_GLOBAL_ACCENT_COLOR_NAME = AccentColor;
				CODE_SIGN_STYLE = Automatic;
				IBSC_MODULE = ExampleWatch_WatchKit_Extension;
				INFOPLIST_FILE = "ExampleWatch WatchKit App/Info.plist";
				PRODUCT_BUNDLE_IDENTIFIER = exyte.ExampleWatch.watchkitapp;
				PRODUCT_NAME = "$(TARGET_NAME)";
				SDKROOT = watchos;
				SKIP_INSTALL = YES;
				SUPPORTED_PLATFORMS = "watchsimulator watchos";
				SWIFT_VERSION = 5.0;
				TARGETED_DEVICE_FAMILY = 4;
				VALIDATE_PRODUCT = YES;
				WATCHOS_DEPLOYMENT_TARGET = 7.0;
			};
			name = Release;
		};
		5B23AA5524EA55FA0085D48E /* Debug */ = {
			isa = XCBuildConfiguration;
			buildSettings = {
				ASSETCATALOG_COMPILER_GLOBAL_ACCENT_COLOR_NAME = AccentColor;
				CODE_SIGN_STYLE = Automatic;
				CURRENT_PROJECT_VERSION = 1;
				MARKETING_VERSION = 1.0;
				PRODUCT_BUNDLE_IDENTIFIER = exyte.ExampleWatch;
				PRODUCT_NAME = "$(TARGET_NAME)";
				SDKROOT = iphoneos;
				SUPPORTED_PLATFORMS = "iphonesimulator iphoneos";
				SWIFT_VERSION = 5.0;
			};
			name = Debug;
		};
		5B23AA5624EA55FA0085D48E /* Release */ = {
			isa = XCBuildConfiguration;
			buildSettings = {
				ASSETCATALOG_COMPILER_GLOBAL_ACCENT_COLOR_NAME = AccentColor;
				CODE_SIGN_STYLE = Automatic;
				CURRENT_PROJECT_VERSION = 1;
				MARKETING_VERSION = 1.0;
				PRODUCT_BUNDLE_IDENTIFIER = exyte.ExampleWatch;
				PRODUCT_NAME = "$(TARGET_NAME)";
				SDKROOT = iphoneos;
				SUPPORTED_PLATFORMS = "iphonesimulator iphoneos";
				SWIFT_VERSION = 5.0;
				VALIDATE_PRODUCT = YES;
			};
			name = Release;
		};
		5BE3329624E1453E00BB0D60 /* Debug */ = {
			isa = XCBuildConfiguration;
			buildSettings = {
				ALWAYS_SEARCH_USER_PATHS = NO;
				CLANG_ANALYZER_NONNULL = YES;
				CLANG_ANALYZER_NUMBER_OBJECT_CONVERSION = YES_AGGRESSIVE;
				CLANG_CXX_LANGUAGE_STANDARD = "gnu++14";
				CLANG_CXX_LIBRARY = "libc++";
				CLANG_ENABLE_MODULES = YES;
				CLANG_ENABLE_OBJC_ARC = YES;
				CLANG_ENABLE_OBJC_WEAK = YES;
				CLANG_WARN_BLOCK_CAPTURE_AUTORELEASING = YES;
				CLANG_WARN_BOOL_CONVERSION = YES;
				CLANG_WARN_COMMA = YES;
				CLANG_WARN_CONSTANT_CONVERSION = YES;
				CLANG_WARN_DEPRECATED_OBJC_IMPLEMENTATIONS = YES;
				CLANG_WARN_DIRECT_OBJC_ISA_USAGE = YES_ERROR;
				CLANG_WARN_DOCUMENTATION_COMMENTS = YES;
				CLANG_WARN_EMPTY_BODY = YES;
				CLANG_WARN_ENUM_CONVERSION = YES;
				CLANG_WARN_INFINITE_RECURSION = YES;
				CLANG_WARN_INT_CONVERSION = YES;
				CLANG_WARN_NON_LITERAL_NULL_CONVERSION = YES;
				CLANG_WARN_OBJC_IMPLICIT_RETAIN_SELF = YES;
				CLANG_WARN_OBJC_LITERAL_CONVERSION = YES;
				CLANG_WARN_OBJC_ROOT_CLASS = YES_ERROR;
				CLANG_WARN_QUOTED_INCLUDE_IN_FRAMEWORK_HEADER = YES;
				CLANG_WARN_RANGE_LOOP_ANALYSIS = YES;
				CLANG_WARN_STRICT_PROTOTYPES = YES;
				CLANG_WARN_SUSPICIOUS_MOVE = YES;
				CLANG_WARN_UNGUARDED_AVAILABILITY = YES_AGGRESSIVE;
				CLANG_WARN_UNREACHABLE_CODE = YES;
				CLANG_WARN__DUPLICATE_METHOD_MATCH = YES;
				COPY_PHASE_STRIP = NO;
				DEBUG_INFORMATION_FORMAT = dwarf;
				ENABLE_STRICT_OBJC_MSGSEND = YES;
				ENABLE_TESTABILITY = YES;
				GCC_C_LANGUAGE_STANDARD = gnu11;
				GCC_DYNAMIC_NO_PIC = NO;
				GCC_NO_COMMON_BLOCKS = YES;
				GCC_OPTIMIZATION_LEVEL = 0;
				GCC_PREPROCESSOR_DEFINITIONS = (
					"DEBUG=1",
					"$(inherited)",
				);
				GCC_WARN_64_TO_32_BIT_CONVERSION = YES;
				GCC_WARN_ABOUT_RETURN_TYPE = YES_ERROR;
				GCC_WARN_UNDECLARED_SELECTOR = YES;
				GCC_WARN_UNINITIALIZED_AUTOS = YES_AGGRESSIVE;
				GCC_WARN_UNUSED_FUNCTION = YES;
				GCC_WARN_UNUSED_VARIABLE = YES;
				IPHONEOS_DEPLOYMENT_TARGET = 14.0;
				MACOSX_DEPLOYMENT_TARGET = 10.15;
				MTL_ENABLE_DEBUG_INFO = INCLUDE_SOURCE;
				MTL_FAST_MATH = YES;
				ONLY_ACTIVE_ARCH = YES;
				SDKROOT = iphoneos;
				SUPPORTED_PLATFORMS = "iphonesimulator iphoneos";
				SWIFT_ACTIVE_COMPILATION_CONDITIONS = DEBUG;
				SWIFT_OPTIMIZATION_LEVEL = "-Onone";
			};
			name = Debug;
		};
		5BE3329724E1453E00BB0D60 /* Release */ = {
			isa = XCBuildConfiguration;
			buildSettings = {
				ALWAYS_SEARCH_USER_PATHS = NO;
				CLANG_ANALYZER_NONNULL = YES;
				CLANG_ANALYZER_NUMBER_OBJECT_CONVERSION = YES_AGGRESSIVE;
				CLANG_CXX_LANGUAGE_STANDARD = "gnu++14";
				CLANG_CXX_LIBRARY = "libc++";
				CLANG_ENABLE_MODULES = YES;
				CLANG_ENABLE_OBJC_ARC = YES;
				CLANG_ENABLE_OBJC_WEAK = YES;
				CLANG_WARN_BLOCK_CAPTURE_AUTORELEASING = YES;
				CLANG_WARN_BOOL_CONVERSION = YES;
				CLANG_WARN_COMMA = YES;
				CLANG_WARN_CONSTANT_CONVERSION = YES;
				CLANG_WARN_DEPRECATED_OBJC_IMPLEMENTATIONS = YES;
				CLANG_WARN_DIRECT_OBJC_ISA_USAGE = YES_ERROR;
				CLANG_WARN_DOCUMENTATION_COMMENTS = YES;
				CLANG_WARN_EMPTY_BODY = YES;
				CLANG_WARN_ENUM_CONVERSION = YES;
				CLANG_WARN_INFINITE_RECURSION = YES;
				CLANG_WARN_INT_CONVERSION = YES;
				CLANG_WARN_NON_LITERAL_NULL_CONVERSION = YES;
				CLANG_WARN_OBJC_IMPLICIT_RETAIN_SELF = YES;
				CLANG_WARN_OBJC_LITERAL_CONVERSION = YES;
				CLANG_WARN_OBJC_ROOT_CLASS = YES_ERROR;
				CLANG_WARN_QUOTED_INCLUDE_IN_FRAMEWORK_HEADER = YES;
				CLANG_WARN_RANGE_LOOP_ANALYSIS = YES;
				CLANG_WARN_STRICT_PROTOTYPES = YES;
				CLANG_WARN_SUSPICIOUS_MOVE = YES;
				CLANG_WARN_UNGUARDED_AVAILABILITY = YES_AGGRESSIVE;
				CLANG_WARN_UNREACHABLE_CODE = YES;
				CLANG_WARN__DUPLICATE_METHOD_MATCH = YES;
				COPY_PHASE_STRIP = NO;
				DEBUG_INFORMATION_FORMAT = "dwarf-with-dsym";
				ENABLE_NS_ASSERTIONS = NO;
				ENABLE_STRICT_OBJC_MSGSEND = YES;
				GCC_C_LANGUAGE_STANDARD = gnu11;
				GCC_NO_COMMON_BLOCKS = YES;
				GCC_WARN_64_TO_32_BIT_CONVERSION = YES;
				GCC_WARN_ABOUT_RETURN_TYPE = YES_ERROR;
				GCC_WARN_UNDECLARED_SELECTOR = YES;
				GCC_WARN_UNINITIALIZED_AUTOS = YES_AGGRESSIVE;
				GCC_WARN_UNUSED_FUNCTION = YES;
				GCC_WARN_UNUSED_VARIABLE = YES;
				IPHONEOS_DEPLOYMENT_TARGET = 14.0;
				MACOSX_DEPLOYMENT_TARGET = 10.15;
				MTL_ENABLE_DEBUG_INFO = NO;
				MTL_FAST_MATH = YES;
				SDKROOT = iphoneos;
				SUPPORTED_PLATFORMS = "iphonesimulator iphoneos";
				SWIFT_COMPILATION_MODE = wholemodule;
				SWIFT_OPTIMIZATION_LEVEL = "-O";
			};
			name = Release;
		};
		5BE3329924E1453E00BB0D60 /* Debug */ = {
			isa = XCBuildConfiguration;
			baseConfigurationReference = 9EDCF219E754E29F2DC473CF /* Pods-Example.debug.xcconfig */;
			buildSettings = {
				ASSETCATALOG_COMPILER_APPICON_NAME = AppIcon;
				ASSETCATALOG_COMPILER_GLOBAL_ACCENT_COLOR_NAME = AccentColor;
				CODE_SIGN_ENTITLEMENTS = Example/Example.entitlements;
				CODE_SIGN_STYLE = Automatic;
				COMBINE_HIDPI_IMAGES = YES;
				DEVELOPMENT_ASSET_PATHS = "\"Example/Preview Content\"";
				ENABLE_PREVIEWS = YES;
				INFOPLIST_FILE = Example/Info.plist;
				LD_RUNPATH_SEARCH_PATHS = (
					"$(inherited)",
					"@executable_path/../Frameworks",
				);
				MACOSX_DEPLOYMENT_TARGET = 10.16;
				PRODUCT_BUNDLE_IDENTIFIER = exyte.Example;
				PRODUCT_NAME = "$(TARGET_NAME)";
				SDKROOT = iphoneos;
				SUPPORTS_MAC_DESIGNED_FOR_IPHONE_IPAD = NO;
				SWIFT_VERSION = 5.0;
				TARGETED_DEVICE_FAMILY = "1,2";
			};
			name = Debug;
		};
		5BE3329A24E1453E00BB0D60 /* Release */ = {
			isa = XCBuildConfiguration;
			baseConfigurationReference = D444BADC2554BBDE78C447DF /* Pods-Example.release.xcconfig */;
			buildSettings = {
				ASSETCATALOG_COMPILER_APPICON_NAME = AppIcon;
				ASSETCATALOG_COMPILER_GLOBAL_ACCENT_COLOR_NAME = AccentColor;
				CODE_SIGN_ENTITLEMENTS = Example/Example.entitlements;
				CODE_SIGN_STYLE = Automatic;
				COMBINE_HIDPI_IMAGES = YES;
				DEVELOPMENT_ASSET_PATHS = "\"Example/Preview Content\"";
				ENABLE_PREVIEWS = YES;
				INFOPLIST_FILE = Example/Info.plist;
				LD_RUNPATH_SEARCH_PATHS = (
					"$(inherited)",
					"@executable_path/../Frameworks",
				);
				MACOSX_DEPLOYMENT_TARGET = 10.16;
				PRODUCT_BUNDLE_IDENTIFIER = exyte.Example;
				PRODUCT_NAME = "$(TARGET_NAME)";
				SDKROOT = iphoneos;
				SUPPORTS_MAC_DESIGNED_FOR_IPHONE_IPAD = NO;
				SWIFT_VERSION = 5.0;
				TARGETED_DEVICE_FAMILY = "1,2";
			};
			name = Release;
		};
/* End XCBuildConfiguration section */

/* Begin XCConfigurationList section */
		5B23AA2624EA559D0085D48E /* Build configuration list for PBXNativeTarget "ExampleMac" */ = {
			isa = XCConfigurationList;
			buildConfigurations = (
				5B23AA2424EA559D0085D48E /* Debug */,
				5B23AA2524EA559D0085D48E /* Release */,
			);
			defaultConfigurationIsVisible = 0;
			defaultConfigurationName = Release;
		};
		5B23AA4C24EA55FA0085D48E /* Build configuration list for PBXNativeTarget "ExampleWatch WatchKit Extension" */ = {
			isa = XCConfigurationList;
			buildConfigurations = (
				5B23AA4D24EA55FA0085D48E /* Debug */,
				5B23AA4E24EA55FA0085D48E /* Release */,
			);
			defaultConfigurationIsVisible = 0;
			defaultConfigurationName = Release;
		};
		5B23AA5024EA55FA0085D48E /* Build configuration list for PBXNativeTarget "ExampleWatch WatchKit App" */ = {
			isa = XCConfigurationList;
			buildConfigurations = (
				5B23AA5124EA55FA0085D48E /* Debug */,
				5B23AA5224EA55FA0085D48E /* Release */,
			);
			defaultConfigurationIsVisible = 0;
			defaultConfigurationName = Release;
		};
		5B23AA5424EA55FA0085D48E /* Build configuration list for PBXNativeTarget "ExampleWatch" */ = {
			isa = XCConfigurationList;
			buildConfigurations = (
				5B23AA5524EA55FA0085D48E /* Debug */,
				5B23AA5624EA55FA0085D48E /* Release */,
			);
			defaultConfigurationIsVisible = 0;
			defaultConfigurationName = Release;
		};
		5BE3328324E1453D00BB0D60 /* Build configuration list for PBXProject "Example" */ = {
			isa = XCConfigurationList;
			buildConfigurations = (
				5BE3329624E1453E00BB0D60 /* Debug */,
				5BE3329724E1453E00BB0D60 /* Release */,
			);
			defaultConfigurationIsVisible = 0;
			defaultConfigurationName = Release;
		};
		5BE3329824E1453E00BB0D60 /* Build configuration list for PBXNativeTarget "Example" */ = {
			isa = XCConfigurationList;
			buildConfigurations = (
				5BE3329924E1453E00BB0D60 /* Debug */,
				5BE3329A24E1453E00BB0D60 /* Release */,
			);
			defaultConfigurationIsVisible = 0;
			defaultConfigurationName = Release;
		};
/* End XCConfigurationList section */
	};
	rootObject = 5BE3328024E1453D00BB0D60 /* Project object */;
}
